
Microsoft Visual Studio Solution File, Format Version 11.00
# Visual Studio 2010
Project("{8BC9CEB8-8B4A-11D0-8D11-00A0C91BC942}") = "RolodexProject", "RolodexProject\RolodexProject.vcxproj", "{F80BE2D9-D440-4A76-A198-C00E382D3E22}"
EndProject
Global
	GlobalSection(SolutionConfigurationPlatforms) = preSolution
		Debug|Win32 = Debug|Win32
		Release|Win32 = Release|Win32
	EndGlobalSection
	GlobalSection(ProjectConfigurationPlatforms) = postSolution
		{F80BE2D9-D440-4A76-A198-C00E382D3E22}.Debug|Win32.ActiveCfg = Debug|Win32
		{F80BE2D9-D440-4A76-A198-C00E382D3E22}.Debug|Win32.Build.0 = Debug|Win32
		{F80BE2D9-D440-4A76-A198-C00E382D3E22}.Release|Win32.ActiveCfg = Release|Win32
		{F80BE2D9-D440-4A76-A198-C00E382D3E22}.Release|Win32.Build.0 = Release|Win32
	EndGlobalSection
	GlobalSection(SolutionProperties) = preSolution
		HideSolutionNode = FALSE
	EndGlobalSection
EndGlobal
